{
  "name": "dot-skill",
  "version": "0.4.2",
  "lockfileVersion": 3,
  "requires": true,
  "packages": {
    "": {
      "name": "dot-skill",
      "version": "0.4.2",
      "license": "MIT",
      "workspaces": [
        "packages/*"
      ],
      "engines": {
        "node": ">=20"
      }
    },
    "node_modules/@dot-skill/cli": {
      "resolved": "packages/cli",
      "link": true
    },
    "node_modules/@dot-skill/core": {
      "resolved": "packages/core",
      "link": true
    },
    "node_modules/@dot-skill/protocol": {
      "resolved": "packages/protocol",
      "link": true
    },
    "node_modules/@dot-skill/registry": {
      "resolved": "packages/registry",
      "link": true
    },
    "node_modules/@dot-skill/runtime": {
      "resolved": "packages/runtime",
      "link": true
    },
    "node_modules/@dot-skill/workspace": {
      "resolved": "packages/workspace",
      "link": true
    },
    "node_modules/@types/node": {
      "version": "26.1.1",
      "resolved": "https://registry.npmjs.org/@types/node/-/node-26.1.1.tgz",
      "integrity": "sha512-nxAkRSVkN1Y0JC1W8ky/fTfkGsMmcrRsbx+3XoZE+rMOX71kLYTV7fLXpqud1GpbpP5TuffXFqfX7fH2GgZREw==",
      "dev": true,
      "license": "MIT",
      "dependencies": {
        "undici-types": "~8.3.0"
      }
    },
    "node_modules/fflate": {
      "version": "0.8.3",
      "resolved": "https://registry.npmjs.org/fflate/-/fflate-0.8.3.tgz",
      "integrity": "sha512-tbZNuJrLwGUp3zshBtdy4W+ORxZuIh8a5ilyIEQDC5rY1f3U20JMry0Ll3WBzU58EZKsEuJFXhb5gwv8CsPvgA==",
      "license": "MIT"
    },
    "node_modules/typescript": {
      "version": "5.9.3",
      "resolved": "https://registry.npmjs.org/typescript/-/typescript-5.9.3.tgz",
      "integrity": "sha512-jl1vZzPDinLr9eUt3J/t7V6FgNEw9QjvBPdysz9KfQDD41fQrC2Y4vKQdiaUpFT4bXlb1RHhLpp8wtm6M5TgSw==",
      "dev": true,
      "license": "Apache-2.0",
      "bin": {
        "tsc": "bin/tsc",
        "tsserver": "bin/tsserver"
      },
      "engines": {
        "node": ">=14.17"
      }
    },
    "node_modules/undici-types": {
      "version": "8.3.0",
      "resolved": "https://registry.npmjs.org/undici-types/-/undici-types-8.3.0.tgz",
      "integrity": "sha512-j375ScV60dom+YkPFIfTLcOiPxkN/buHz5GobjLhixFuANaNs3C9l4GmrWqejgXWJ7BbJcFYpTEUkS1Ge8bpZQ==",
      "dev": true,
      "license": "MIT"
    },
    "packages/cli": {
      "name": "@dot-skill/cli",
      "version": "0.4.2",
      "license": "MIT",
      "dependencies": {
        "@dot-skill/core": "^0.4.2",
        "@dot-skill/protocol": "^0.4.2",
        "@dot-skill/registry": "^0.4.2",
        "@dot-skill/runtime": "^0.4.2",
        "@dot-skill/workspace": "^0.4.2"
      },
      "bin": {
        "dot-skill": "dist/cli.js",
        "skill": "dist/cli.js"
      },
      "devDependencies": {
        "@types/node": "^22.15.21",
        "typescript": "^5.8.3"
      },
      "engines": {
        "node": ">=20"
      }
    },
    "packages/cli/node_modules/@types/node": {
      "version": "22.20.1",
      "resolved": "https://registry.npmjs.org/@types/node/-/node-22.20.1.tgz",
      "integrity": "sha512-EANqOCF9QFyra+4pfxUcX9STKJpCLjMbObVzljIJomAWSnuSIEAvyzEU53GaajbXJEgdh0iEcPL+DGvpUd4k1Q==",
      "dev": true,
      "license": "MIT",
      "dependencies": {
        "undici-types": "~6.21.0"
      }
    },
    "packages/cli/node_modules/undici-types": {
      "version": "6.21.0",
      "resolved": "https://registry.npmjs.org/undici-types/-/undici-types-6.21.0.tgz",
      "integrity": "sha512-iwDZqg0QAGrg9Rav5H4n0M64c3mkR59cJ6wQp+7C4nI0gsmExaedaYLNO44eT4AtBBwjbTiGPMlt2Md0T9H9JQ==",
      "dev": true,
      "license": "MIT"
    },
    "packages/core": {
      "name": "@dot-skill/core",
      "version": "0.4.2",
      "license": "MIT",
      "dependencies": {
        "@dot-skill/protocol": "^0.4.2",
        "fflate": "^0.8.2"
      },
      "devDependencies": {
        "@types/node": "^26.1.1",
        "typescript": "^5.4.5"
      }
    },
    "packages/protocol": {
      "name": "@dot-skill/protocol",
      "version": "0.4.2",
      "license": "MIT",
      "devDependencies": {
        "typescript": "^5.4.5"
      }
    },
    "packages/registry": {
      "name": "@dot-skill/registry",
      "version": "0.4.2",
      "license": "MIT",
      "dependencies": {
        "@dot-skill/core": "^0.4.2",
        "@dot-skill/protocol": "^0.4.2"
      },
      "devDependencies": {
        "@types/node": "^26.1.1",
        "typescript": "^5.4.5"
      }
    },
    "packages/runtime": {
      "name": "@dot-skill/runtime",
      "version": "0.4.2",
      "license": "MIT",
      "dependencies": {
        "@dot-skill/core": "^0.4.2",
        "@dot-skill/protocol": "^0.4.2"
      },
      "devDependencies": {
        "@types/node": "^26.1.1",
        "typescript": "^5.4.5"
      }
    },
    "packages/workspace": {
      "name": "@dot-skill/workspace",
      "version": "0.4.2",
      "license": "MIT",
      "dependencies": {
        "@dot-skill/core": "^0.4.2",
        "@dot-skill/protocol": "^0.4.2"
      },
      "devDependencies": {
        "@types/node": "^22.15.21",
        "typescript": "^5.8.3"
      }
    },
    "packages/workspace/node_modules/@types/node": {
      "version": "22.20.1",
      "resolved": "https://registry.npmjs.org/@types/node/-/node-22.20.1.tgz",
      "integrity": "sha512-EANqOCF9QFyra+4pfxUcX9STKJpCLjMbObVzljIJomAWSnuSIEAvyzEU53GaajbXJEgdh0iEcPL+DGvpUd4k1Q==",
      "dev": true,
      "license": "MIT",
      "dependencies": {
        "undici-types": "~6.21.0"
      }
    },
    "packages/workspace/node_modules/undici-types": {
      "version": "6.21.0",
      "resolved": "https://registry.npmjs.org/undici-types/-/undici-types-6.21.0.tgz",
      "integrity": "sha512-iwDZqg0QAGrg9Rav5H4n0M64c3mkR59cJ6wQp+7C4nI0gsmExaedaYLNO44eT4AtBBwjbTiGPMlt2Md0T9H9JQ==",
      "dev": true,
      "license": "MIT"
    }
  }
}
